{
  "requires": true,
  "lockfileVersion": 1,
  "dependencies": {
    "@auth0/auth0-spa-js": {
      "version": "1.8.2",
      "resolved": "https://registry.npmjs.org/@auth0/auth0-spa-js/-/auth0-spa-js-1.8.2.tgz",
      "integrity": "sha512-jm/zqfbZbJYz/AcJGQGugTGUm2MOD41+/OgOxvqfP/Emq0BLsrSfAUDaGgStlijUAsFElY24P9nVaAucDDrcZw==",
      "requires": {
        "abortcontroller-polyfill": "^1.4.0",
        "browser-tabs-lock": "^1.2.8",
        "core-js": "^3.6.4",
        "es-cookie": "^1.3.2",
        "fast-text-encoding": "^1.0.1",
        "promise-polyfill": "^8.1.3",
        "unfetch": "^4.1.0"
      }
    },
    "abortcontroller-polyfill": {
      "version": "1.4.0",
      "resolved": "https://registry.npmjs.org/abortcontroller-polyfill/-/abortcontroller-polyfill-1.4.0.tgz",
      "integrity": "sha512-3ZFfCRfDzx3GFjO6RAkYx81lPGpUS20ISxux9gLxuKnqafNcFQo59+IoZqpO2WvQlyc287B62HDnDdNYRmlvWA=="
    },
    "browser-tabs-lock": {
      "version": "1.2.8",
      "resolved": "https://registry.npmjs.org/browser-tabs-lock/-/browser-tabs-lock-1.2.8.tgz",
      "integrity": "sha512-Xrj33YUTltPDoGrD1KnaAn5ZuxnnlJFcIW9srVTPHbMNPd9MlcnBCWaGV0STlvGKu8Ok0ad5qxyx5sIwFTr/Ig=="
    },
    "core-js": {
      "version": "3.6.5",
      "resolved": "https://registry.npmjs.org/core-js/-/core-js-3.6.5.tgz",
      "integrity": "sha512-vZVEEwZoIsI+vPEuoF9Iqf5H7/M3eeQqWlQnYa8FSKKePuYTf5MWnxb5SDAzCa60b3JBRS5g9b+Dq7b1y/RCrA=="
    },
    "es-cookie": {
      "version": "1.3.2",
      "resolved": "https://registry.npmjs.org/es-cookie/-/es-cookie-1.3.2.tgz",
      "integrity": "sha512-UTlYYhXGLOy05P/vKVT2Ui7WtC7NiRzGtJyAKKn32g5Gvcjn7KAClLPWlipCtxIus934dFg9o9jXiBL0nP+t9Q=="
    },
    "fast-text-encoding": {
      "version": "1.0.2",
      "resolved": "https://registry.npmjs.org/fast-text-encoding/-/fast-text-encoding-1.0.2.tgz",
      "integrity": "sha512-5rQdinSsycpzvAoHga2EDn+LRX1d5xLFsuNG0Kg61JrAT/tASXcLL0nf/33v+sAxlQcfYmWbTURa1mmAf55jGw=="
    },
    "promise-polyfill": {
      "version": "8.1.3",
      "resolved": "https://registry.npmjs.org/promise-polyfill/-/promise-polyfill-8.1.3.tgz",
      "integrity": "sha512-MG5r82wBzh7pSKDRa9y+vllNHz3e3d4CNj1PQE4BQYxLme0gKYYBm9YENq+UkEikyZ0XbiGWxYlVw3Rl9O/U8g=="
    },
    "unfetch": {
      "version": "4.1.0",
      "resolved": "https://registry.npmjs.org/unfetch/-/unfetch-4.1.0.tgz",
      "integrity": "sha512-crP/n3eAPUJxZXM9T80/yv0YhkTEx2K1D3h7D1AJM6fzsWZrxdyRuLN0JH/dkZh1LNH8LxCnBzoPFCPbb2iGpg=="
    },
    "vue": {
      "version": "2.6.11",
      "resolved": "https://registry.npmjs.org/vue/-/vue-2.6.11.tgz",
      "integrity": "sha512-VfPwgcGABbGAue9+sfrD4PuwFar7gPb1yl1UK1MwXoQPAw0BKSqWfoYCT/ThFrdEVWoI51dBuyCoiNU9bZDZxQ=="
    }
  }
}
